github.com/fsnotify/fsnotify v1.9.0 h1:2Ml+OJNzbYCTzsxtv8vKSFD9PbJjmhYF14k/jKC7S9k=
github.com/fsnotify/fsnotify v1.9.0/go.mod h1:8jBTzvmWwFyi3Pb8djgCCO5IBqzKJ/Jwo8TRcHyHii0=
github.com/hedzr/evendeep v1.3.31 h1:RFAYqHQn3mzAlyUcY3qKfUufGBtHnVi5ytl93dBmPwc=
github.com/hedzr/evendeep v1.3.31/go.mod h1:8UnzdZo+VbsPw9YPCIBUpdsD54FEvRguRQj9vCQf8y4=
github.com/hedzr/is v0.8.31 h1:2SwZPVdzVha9okIKuuMdhjIiDPLvNX82GzulfQ2eSPk=
github.com/hedzr/is v0.8.31/go.mod h1:WXJAUnylt054WjCQ1Hud/AEVgWlLCDxxRv7jMh58G+M=
github.com/hedzr/logg v0.8.31 h1:iOJRxAgDJIbFNwgyYHiZPXB2O1yiClkg2FgQNAU1H7M=
github.com/hedzr/logg v0.8.31/go.mod h1:fZvF/izta5lNZOXG7Bw24UtBQ42yY2hXOGARrJm71CU=
github.com/hedzr/store v1.3.31 h1:vpTD23oACGmdsZZCOVofatc3fAdulkOumGyaneNfXCU=
github.com/hedzr/store v1.3.31/go.mod h1:HP5t6ldrSIy/qwzv6KR6eBezkXn84rJJBu1mNOHkItg=
github.com/hedzr/store/codecs/json v1.3.31 h1:9kc8iS0PfEghAaDDFeG5OyGEn7E1xQL+gP1jCEHyXkU=
github.com/hedzr/store/codecs/json v1.3.31/go.mod h1:95YdGHhmICD3OmuXIX9iiXxCJApmOrqclW8/vfcv7Sk=
github.com/hedzr/store/providers/file v1.3.31 h1:osRzjgs5fL2Oxd2Ic8Iztla8WSjhEshHaJuqWQ3Q8Gs=
github.com/hedzr/store/providers/file v1.3.31/go.mod h1:IV9YJ1UOnSCkcAmEMmpjRkppA6gw5Buln7vDEYHgF/8=
golang.org/x/exp v0.0.0-20250620022241-b7579e27df2b h1:M2rDM6z3Fhozi9O7NWsxAkg/yqS/lQJ6PmkyIV3YP+o=
golang.org/x/exp v0.0.0-20250620022241-b7579e27df2b/go.mod h1:3//PLf8L/X+8b4vuAfHzxeRUl04Adcb341+IGKfnqS8=
golang.org/x/net v0.41.0 h1:vBTly1HeNPEn3wtREYfy4GZ/NECgw2Cnl+nK6Nz3uvw=
golang.org/x/net v0.41.0/go.mod h1:B/K4NNqkfmg07DQYrbwvSluqCJOOXwUjeb/5lOisjbA=
golang.org/x/sys v0.33.0 h1:q3i8TbbEz+JRD9ywIRlyRAQbM0qF7hu24q3teo2hbuw=
golang.org/x/sys v0.33.0/go.mod h1:BJP2sWEmIv4KK5OTEluFJCKSidICx8ciO85XgH3Ak8k=
golang.org/x/term v0.32.0 h1:DR4lr0TjUs3epypdhTOkMmuF5CDFJ/8pOnbzMZPQ7bg=
golang.org/x/term v0.32.0/go.mod h1:uZG1FhGx848Sqfsq4/DlJr3xGGsYMu/L5GW4abiaEPQ=
gopkg.in/hedzr/errors.v3 v3.3.5 h1:bF4ijq4PAjwjCB8s7nWf2cjqo/yp6afNuQMC2SnX7t8=
gopkg.in/hedzr/errors.v3 v3.3.5/go.mod h1:UwtyepqtGTIAmdZGSc7wxXT5Gfd/BjcfRMhPpxwkJM4=
