github.com/fsnotify/fsnotify v1.9.0 h1:2Ml+OJNzbYCTzsxtv8vKSFD9PbJjmhYF14k/jKC7S9k=
github.com/fsnotify/fsnotify v1.9.0/go.mod h1:8jBTzvmWwFyi3Pb8djgCCO5IBqzKJ/Jwo8TRcHyHii0=
github.com/hedzr/evendeep v1.3.67 h1:BLL/EUF8fSJs8EfbLU3k2avL41iPbUK/DmifgRXSCj4=
github.com/hedzr/evendeep v1.3.67/go.mod h1:bEdZoIRs1XYPVBE3kwTAZ/ZbB5JgbM/069toWjd9QGc=
github.com/hedzr/is v0.8.67 h1:bfWINgL/5JPR58MgOeYZFHqGr0W6rULZXv6Ja9/gJro=
github.com/hedzr/is v0.8.67/go.mod h1:JpiGc/1GmMJOMTG5cuzFlLoCXvuOv51SU8NtYLO0PP4=
github.com/hedzr/logg v0.8.67 h1:TcVdvO6SfxfnE5B/d9iA/YdwdYTMgGOw8XtvJwprYXU=
github.com/hedzr/logg v0.8.67/go.mod h1:pmr7IDFN9sF717rShXJJiuuPj7ZRi6dZNlr1OPCACqg=
github.com/hedzr/store v1.3.67 h1:6Y7RA2ENHoASbuP+nKgU//78usX6GB2aUSsYaiFD2Io=
github.com/hedzr/store v1.3.67/go.mod h1:pgQT5uc6BBgfNY7XpPeCFLec8BQ2waWGROgX3jyfsLY=
github.com/hedzr/store/codecs/json v1.3.67 h1:uCje/f0K9Qv+F59GLZUF2CKRtxMqzroinYTz7afZwhE=
github.com/hedzr/store/codecs/json v1.3.67/go.mod h1:NlVtzsan5ydCIVIjkvGxIJCxhc7HlYseLLRY8E+t0cc=
github.com/hedzr/store/providers/file v1.3.67 h1:UFQgVmaIFPaFKSk6FCvKLgQebu8dVQ5V55JTMUctJhw=
github.com/hedzr/store/providers/file v1.3.67/go.mod h1:QLQ5/IAP++UqySegwjcFvE+rLACBQkwB8B/fjG612nM=
golang.org/x/exp v0.0.0-20260112195511-716be5621a96 h1:Z/6YuSHTLOHfNFdb8zVZomZr7cqNgTJvA8+Qz75D8gU=
golang.org/x/exp v0.0.0-20260112195511-716be5621a96/go.mod h1:nzimsREAkjBCIEFtHiYkrJyT+2uy9YZJB7H1k68CXZU=
golang.org/x/net v0.49.0 h1:eeHFmOGUTtaaPSGNmjBKpbng9MulQsJURQUAfUwY++o=
golang.org/x/net v0.49.0/go.mod h1:/ysNB2EvaqvesRkuLAyjI1ycPZlQHM3q01F02UY/MV8=
golang.org/x/sys v0.40.0 h1:DBZZqJ2Rkml6QMQsZywtnjnnGvHza6BTfYFWY9kjEWQ=
golang.org/x/sys v0.40.0/go.mod h1:OgkHotnGiDImocRcuBABYBEXf8A9a87e/uXjp9XT3ks=
golang.org/x/term v0.39.0 h1:RclSuaJf32jOqZz74CkPA9qFuVTX7vhLlpfj/IGWlqY=
golang.org/x/term v0.39.0/go.mod h1:yxzUCTP/U+FzoxfdKmLaA0RV1WgE0VY7hXBwKtY/4ww=
gopkg.in/hedzr/errors.v3 v3.3.5 h1:bF4ijq4PAjwjCB8s7nWf2cjqo/yp6afNuQMC2SnX7t8=
gopkg.in/hedzr/errors.v3 v3.3.5/go.mod h1:UwtyepqtGTIAmdZGSc7wxXT5Gfd/BjcfRMhPpxwkJM4=
