github.com/fsnotify/fsnotify v1.9.0 h1:2Ml+OJNzbYCTzsxtv8vKSFD9PbJjmhYF14k/jKC7S9k=
github.com/fsnotify/fsnotify v1.9.0/go.mod h1:8jBTzvmWwFyi3Pb8djgCCO5IBqzKJ/Jwo8TRcHyHii0=
github.com/hedzr/evendeep v1.3.15 h1:+5RXHCdubq0Twh7zIUM55i4QMYvv+pipocmHJ8VfZtU=
github.com/hedzr/evendeep v1.3.15/go.mod h1:qR5DvpkI/O3xn/zNTcDCHbR0ckWvd50/snBmmuJ2phQ=
github.com/hedzr/is v0.7.15 h1:IApfSyfM1IpGerhCdLZ1Q9m6FO7Zzp4jBajRCnVeZnY=
github.com/hedzr/is v0.7.15/go.mod h1:tnOi3t2L3noWN0cVkTKajaW6hsog4Y3a1v8qEkhq33g=
github.com/hedzr/logg v0.8.15 h1:vQt3/2zi1qzYJyVajlr9poI3JIZPQB9l1QElpF5KaiI=
github.com/hedzr/logg v0.8.15/go.mod h1:VCecM+0Pp77ildxebUHbtneiCXBetHbnrCQCHvFpWvg=
github.com/hedzr/store v1.3.15 h1:eEDaShZ8HzbsMvfTIX/nFooKLKb5D+g0D5TArxTAHZ8=
github.com/hedzr/store v1.3.15/go.mod h1:mn5+lcw1JbjHDda9gKbfLMT8Tzmm9WHK1QDuPptC8XM=
github.com/hedzr/store/codecs/json v1.3.15 h1:huCx6pZDiXQ45BcgHlDis9EVqqhuxkbJycBunc+cjSY=
github.com/hedzr/store/codecs/json v1.3.15/go.mod h1:+gguUKgE/N2mpoPArfrJU380T778szU5C84Za9zeO+8=
github.com/hedzr/store/providers/file v1.3.15 h1:E7n8Ai6E8ie056CG3Jd5IZTYcoYGJwDpt1wdSFx2f8w=
github.com/hedzr/store/providers/file v1.3.15/go.mod h1:QjDHKKRpg8RzSBs+0Zq4Ye3RaEd+tUzCQrQ6gDpLZbM=
golang.org/x/exp v0.0.0-20250408133849-7e4ce0ab07d0 h1:R84qjqJb5nVJMxqWYb3np9L5ZsaDtB+a39EqjV0JSUM=
golang.org/x/exp v0.0.0-20250408133849-7e4ce0ab07d0/go.mod h1:S9Xr4PYopiDyqSyp5NjCrhFrqg6A5zA2E/iPHPhqnS8=
golang.org/x/net v0.39.0 h1:ZCu7HMWDxpXpaiKdhzIfaltL9Lp31x/3fCP11bc6/fY=
golang.org/x/net v0.39.0/go.mod h1:X7NRbYVEA+ewNkCNyJ513WmMdQ3BineSwVtN2zD/d+E=
golang.org/x/sys v0.32.0 h1:s77OFDvIQeibCmezSnk/q6iAfkdiQaJi4VzroCFrN20=
golang.org/x/sys v0.32.0/go.mod h1:BJP2sWEmIv4KK5OTEluFJCKSidICx8ciO85XgH3Ak8k=
golang.org/x/term v0.31.0 h1:erwDkOK1Msy6offm1mOgvspSkslFnIGsFnxOKoufg3o=
golang.org/x/term v0.31.0/go.mod h1:R4BeIy7D95HzImkxGkTW1UQTtP54tio2RyHz7PwK0aw=
gopkg.in/hedzr/errors.v3 v3.3.5 h1:bF4ijq4PAjwjCB8s7nWf2cjqo/yp6afNuQMC2SnX7t8=
gopkg.in/hedzr/errors.v3 v3.3.5/go.mod h1:UwtyepqtGTIAmdZGSc7wxXT5Gfd/BjcfRMhPpxwkJM4=
