github.com/davecgh/go-spew v1.1.0/go.mod h1:J7Y8YcW2NihsgmVo/mv3lAwl/skON4iLHjSsI+c5H38=
github.com/davecgh/go-spew v1.1.1 h1:vj9j/u1bqnvCEfJOwUhtlOARqs3+rkHYY13jYWTU97c=
github.com/davecgh/go-spew v1.1.1/go.mod h1:J7Y8YcW2NihsgmVo/mv3lAwl/skON4iLHjSsI+c5H38=
github.com/fsnotify/fsnotify v1.7.0 h1:8JEhPFa5W2WU7YfeZzPNqzMP6Lwt7L2715Ggo0nosvA=
github.com/fsnotify/fsnotify v1.7.0/go.mod h1:40Bi/Hjc2AVfZrqy+aj+yEI+/bRxZnMJyTJwOpGvigM=
github.com/hashicorp/hcl v1.0.0 h1:0Anlzjpi4vEasTeNFn2mLJgTSwt0+6sfsiTG8qcWGx4=
github.com/hashicorp/hcl v1.0.0/go.mod h1:E5yfLk+7swimpb2L/Alb/PJmXilQ/rhwaUYs4T20WEQ=
github.com/hedzr/evendeep v1.1.6 h1:q6HinHO1w28Az2CpukwQ7PwWaO32qmjVdqbfX7rDXeA=
github.com/hedzr/evendeep v1.1.6/go.mod h1:6RCGJvyVLK9bAf/0P1slhCxaWb3C6UFnlNf3uNMOWxE=
github.com/hedzr/is v0.5.17 h1:REHKfMjzLWL2o40QwfcuYaz6iTBalqluz7gVnRMf5Ls=
github.com/hedzr/is v0.5.17/go.mod h1:kRHlHbfm9K4IfgUTRqBY4u/mRgAHJGDlxECb8gUi5aM=
github.com/hedzr/logg v0.5.13 h1:igXPvEQVAFpmnIBqM/aCFJG1ujxN2wzrVl4wLJSn6Ww=
github.com/hedzr/logg v0.5.13/go.mod h1:vlmpC86lGIxYbMIwEZ/W7SCSMPjPkOCbiojnSXYj0Z4=
github.com/hedzr/store v0.5.1 h1:9Ppgvuu18JdXbDL4pNlffmvB+zxBVVQcmoNnDvFOW5Y=
github.com/hedzr/store v0.5.1/go.mod h1:ONk1rLk8++mtnQgcyusEzvL6+u9Ma47npm/RmkTMabs=
github.com/hedzr/store/codecs/hcl v0.0.0-20240309055652-9bfe2570640d h1:xy/TQFLIF/JMaxCKZuBwnJH1acjjybJerGz5//889Ck=
github.com/hedzr/store/codecs/hcl v0.0.0-20240309055652-9bfe2570640d/go.mod h1:24/RmMp4q3pAbezZcANOCJK8wXZSXrJAgdUkHwQ21+E=
github.com/hedzr/store/codecs/hjson v0.0.0-20240309055652-9bfe2570640d h1:XQE6JgQsKGXcTagOcyVlDbMRl7JegJoIRprdCIpgRro=
github.com/hedzr/store/codecs/hjson v0.0.0-20240309055652-9bfe2570640d/go.mod h1:1PXCOXswlVlDciCeafkRUpJXBSH+qn/1G5vnzdNWRH0=
github.com/hedzr/store/codecs/json v0.0.0-20240309055652-9bfe2570640d h1:FhpYbyfVnvWd8XRUN47du+m/dtXLcbUsjw6lRGQICN4=
github.com/hedzr/store/codecs/json v0.0.0-20240309055652-9bfe2570640d/go.mod h1:uKw++O+Sxgxsb6HY/Ox3ntUYGKeJgioh+94Ra9PIJ7Q=
github.com/hedzr/store/codecs/nestext v0.0.0-20240309055652-9bfe2570640d h1:L1wFZYKqVFlc1fr0flrb9c9grNQJfwhl/IaxAsGmQN8=
github.com/hedzr/store/codecs/nestext v0.0.0-20240309055652-9bfe2570640d/go.mod h1:PoIq9G9QJRKElB3ZdtGq1km95hacOT+41hm40IxHUPk=
github.com/hedzr/store/codecs/toml v0.0.0-20240309055652-9bfe2570640d h1:NPIt3LP5gy4YtqDimXkc0sgidA8b6Z40XWf7AMBM7nw=
github.com/hedzr/store/codecs/toml v0.0.0-20240309055652-9bfe2570640d/go.mod h1:gEi2JtYB1m2lCd1AtVYfDQUwWVCk19OTYrTDQOnBefc=
github.com/hedzr/store/codecs/yaml v0.0.0-20240309055652-9bfe2570640d h1:PQRcyo3EMjY6QITpnTIYFTbSBqhHL4hc5ED7i12qYJI=
github.com/hedzr/store/codecs/yaml v0.0.0-20240309055652-9bfe2570640d/go.mod h1:LGDqmVe2srklgB3v+7h7zmoZKUN7R8EcVCVixAUev1w=
github.com/hedzr/store/providers/env v0.0.0-20240309055652-9bfe2570640d h1:ToNBP2X00JC2DphGHqauX0fF2+TwM73K0nWUnAZbLuU=
github.com/hedzr/store/providers/env v0.0.0-20240309055652-9bfe2570640d/go.mod h1:1RPj9ZDXtepiZyiiPvgnYp8qpAPoLPn1vzt6pWFz1Xw=
github.com/hedzr/store/providers/file v0.0.0-20240309055652-9bfe2570640d h1:4lg12k6SrcwCKgjHI+V5F46vP4TcK+ObMhI+phxyMxg=
github.com/hedzr/store/providers/file v0.0.0-20240309055652-9bfe2570640d/go.mod h1:+Sc1g/Mr+ii48kWBbudTKnZH5e9Xt47SdX360dUnTN4=
github.com/hjson/hjson-go/v4 v4.4.0 h1:D/NPvqOCH6/eisTb5/ztuIS8GUvmpHaLOcNk1Bjr298=
github.com/hjson/hjson-go/v4 v4.4.0/go.mod h1:KaYt3bTw3zhBjYqnXkYywcYctk0A2nxeEFTse3rH13E=
github.com/npillmayer/nestext v0.1.3 h1:2dkbzJ5xMcyJW5b8wwrX+nnRNvf/Nn1KwGhIauGyE2E=
github.com/npillmayer/nestext v0.1.3/go.mod h1:h2lrijH8jpicr25dFY+oAJLyzlya6jhnuG+zWp9L0Uk=
github.com/pelletier/go-toml/v2 v2.1.1 h1:LWAJwfNvjQZCFIDKWYQaM62NcYeYViCmWIwmOStowAI=
github.com/pelletier/go-toml/v2 v2.1.1/go.mod h1:tJU2Z3ZkXwnxa4DPO899bsyIoywizdUvyaeZurnPPDc=
github.com/pmezard/go-difflib v1.0.0 h1:4DBwDE0NGyQoBHbLQYPwSUPoCMWR5BEzIk/f1lZbAQM=
github.com/pmezard/go-difflib v1.0.0/go.mod h1:iKH77koFhYxTK1pcRnkKkqfTogsbg7gZNVY4sRDYZ/4=
github.com/stretchr/objx v0.1.0/go.mod h1:HFkY916IF+rwdDfMAkV7OtwuqBVzrE8GR6GFx+wExME=
github.com/stretchr/objx v0.4.0/go.mod h1:YvHI0jy2hoMjB+UWwv71VJQ9isScKT/TqJzVSSt89Yw=
github.com/stretchr/objx v0.5.0/go.mod h1:Yh+to48EsGEfYuaHDzXPcE3xhTkx73EhmCGUpEOglKo=
github.com/stretchr/testify v1.7.1/go.mod h1:6Fq8oRcR53rry900zMqJjRRixrwX3KX962/h/Wwjteg=
github.com/stretchr/testify v1.8.0/go.mod h1:yNjHg4UonilssWZ8iaSj1OCr/vHnekPRkoO+kdMU+MU=
github.com/stretchr/testify v1.8.4 h1:CcVxjf3Q8PM0mHUKJCdn+eZZtm5yQwehR5yeSVQQcUk=
github.com/stretchr/testify v1.8.4/go.mod h1:sz/lmYIOXD/1dqDmKjjqLyZ2RngseejIcXlSw2iwfAo=
golang.org/x/crypto v0.21.0 h1:X31++rzVUdKhX5sWmSOFZxx8UW/ldWx55cbf08iNAMA=
golang.org/x/crypto v0.21.0/go.mod h1:0BP7YvVV9gBbVKyeTG0Gyn+gZm94bibOW5BjDEYAOMs=
golang.org/x/exp v0.0.0-20240222234643-814bf88cf225 h1:LfspQV/FYTatPTr/3HzIcmiUFH7PGP+OQ6mgDYo3yuQ=
golang.org/x/exp v0.0.0-20240222234643-814bf88cf225/go.mod h1:CxmFvTBINI24O/j8iY7H1xHzx2i4OsyguNBmN/uPtqc=
golang.org/x/net v0.22.0 h1:9sGLhx7iRIHEiX0oAJ3MRZMUCElJgy7Br1nO+AMN3Tc=
golang.org/x/net v0.22.0/go.mod h1:JKghWKKOSdJwpW2GEx0Ja7fmaKnMsbu+MWVZTokSYmg=
golang.org/x/sys v0.18.0 h1:DBdB3niSjOA/O0blCZBqDefyWNYveAYMNF1Wum0DYQ4=
golang.org/x/sys v0.18.0/go.mod h1:/VUhepiaJMQUp4+oa/7Zr1D23ma6VTLIYjOOTFZPUcA=
golang.org/x/term v0.18.0 h1:FcHjZXDMxI8mM3nwhX9HlKop4C0YQvCVCdwYl2wOtE8=
golang.org/x/term v0.18.0/go.mod h1:ILwASektA3OnRv7amZ1xhE/KTR+u50pbXfZ03+6Nx58=
gopkg.in/check.v1 v0.0.0-20161208181325-20d25e280405 h1:yhCVgyC4o1eVCa2tZl7eS0r+SDo693bJlVdllGtEeKM=
gopkg.in/check.v1 v0.0.0-20161208181325-20d25e280405/go.mod h1:Co6ibVJAznAaIkqp8huTwlJQCZ016jof/cbN4VW5Yz0=
gopkg.in/hedzr/errors.v3 v3.3.1 h1:wWfC055Cdv7TH3aur0w1f00SG/me9LeIxE4hFjIjvQ0=
gopkg.in/hedzr/errors.v3 v3.3.1/go.mod h1:UwtyepqtGTIAmdZGSc7wxXT5Gfd/BjcfRMhPpxwkJM4=
gopkg.in/yaml.v3 v3.0.0-20200313102051-9f266ea9e77c/go.mod h1:K4uyk7z7BCEPqu6E+C64Yfv1cQ7kz7rIZviUmN+EgEM=
gopkg.in/yaml.v3 v3.0.1 h1:fxVm/GzAzEWqLHuvctI91KS9hhNmmWOoWu0XTYJS7CA=
gopkg.in/yaml.v3 v3.0.1/go.mod h1:K4uyk7z7BCEPqu6E+C64Yfv1cQ7kz7rIZviUmN+EgEM=
